// !$*UTF8*$!
{
	archiveVersion = 1;
	classes = {
	};
	objectVersion = 50;
	objects = {

/* Begin PBXBuildFile section */
		55436737226FDF876252D136 /* Pods_FlixTests.framework in Frameworks */ = {isa = PBXBuildFile; fileRef = 1CD82211D180470BC349925D /* Pods_FlixTests.framework */; };
		7912912EFFB31CF1E151B601 /* Pods_Flix.framework in Frameworks */ = {isa = PBXBuildFile; fileRef = B00C588FABE44C726C44A884 /* Pods_Flix.framework */; };
		9344969D53455CAF63F2B397 /* Pods_FlixUITests.framework in Frameworks */ = {isa = PBXBuildFile; fileRef = 41D67CC49CA9E56986D6969C /* Pods_FlixUITests.framework */; };
		BB40F9062109417E00B5B340 /* AppDelegate.swift in Sources */ = {isa = PBXBuildFile; fileRef = BB40F9052109417E00B5B340 /* AppDelegate.swift */; };
		BB40F90B2109417E00B5B340 /* Main.storyboard in Resources */ = {isa = PBXBuildFile; fileRef = BB40F9092109417E00B5B340 /* Main.storyboard */; };
		BB40F90D2109417E00B5B340 /* Assets.xcassets in Resources */ = {isa = PBXBuildFile; fileRef = BB40F90C2109417E00B5B340 /* Assets.xcassets */; };
		BB40F9102109417E00B5B340 /* LaunchScreen.storyboard in Resources */ = {isa = PBXBuildFile; fileRef = BB40F90E2109417E00B5B340 /* LaunchScreen.storyboard */; };
		BB40F91B2109417E00B5B340 /* FlixTests.swift in Sources */ = {isa = PBXBuildFile; fileRef = BB40F91A2109417E00B5B340 /* FlixTests.swift */; };
		BB40F9262109417E00B5B340 /* FlixUITests.swift in Sources */ = {isa = PBXBuildFile; fileRef = BB40F9252109417E00B5B340 /* FlixUITests.swift */; };
		BB40F934210944F800B5B340 /* NowPlayingViewController.swift in Sources */ = {isa = PBXBuildFile; fileRef = BB40F933210944F800B5B340 /* NowPlayingViewController.swift */; };
		BB40F93821095A8600B5B340 /* MovieCell.swift in Sources */ = {isa = PBXBuildFile; fileRef = BB40F93721095A8600B5B340 /* MovieCell.swift */; };
		BB88B119210B98D70091403B /* DetailViewController.swift in Sources */ = {isa = PBXBuildFile; fileRef = BB88B118210B98D70091403B /* DetailViewController.swift */; };
		BBF3E0FE211F5F2E00C40EDE /* Movie.swift in Sources */ = {isa = PBXBuildFile; fileRef = BBF3E0FD211F5F2E00C40EDE /* Movie.swift */; };
		BBF3E1022120D84D00C40EDE /* MovieClient.swift in Sources */ = {isa = PBXBuildFile; fileRef = BBF3E1012120D84D00C40EDE /* MovieClient.swift */; };
/* End PBXBuildFile section */

/* Begin PBXContainerItemProxy section */
		BB40F9172109417E00B5B340 /* PBXContainerItemProxy */ = {
			isa = PBXContainerItemProxy;
			containerPortal = BB40F8FA2109417E00B5B340 /* Project object */;
			proxyType = 1;
			remoteGlobalIDString = BB40F9012109417E00B5B340;
			remoteInfo = Flix;
		};
		BB40F9222109417E00B5B340 /* PBXContainerItemProxy */ = {
			isa = PBXContainerItemProxy;
			containerPortal = BB40F8FA2109417E00B5B340 /* Project object */;
			proxyType = 1;
			remoteGlobalIDString = BB40F9012109417E00B5B340;
			remoteInfo = Flix;
		};
/* End PBXContainerItemProxy section */

/* Begin PBXFileReference section */
		147343EBD36D8EC23BBE3117 /* Pods-FlixTests.release.xcconfig */ = {isa = PBXFileReference; includeInIndex = 1; lastKnownFileType = text.xcconfig; name = "Pods-FlixTests.release.xcconfig"; path = "Pods/Target Support Files/Pods-FlixTests/Pods-FlixTests.release.xcconfig"; sourceTree = "<group>"; };
		1CD82211D180470BC349925D /* Pods_FlixTests.framework */ = {isa = PBXFileReference; explicitFileType = wrapper.framework; includeInIndex = 0; path = Pods_FlixTests.framework; sourceTree = BUILT_PRODUCTS_DIR; };
		26045E38135CD43FB64B0211 /* Pods-Flix.release.xcconfig */ = {isa = PBXFileReference; includeInIndex = 1; lastKnownFileType = text.xcconfig; name = "Pods-Flix.release.xcconfig"; path = "Pods/Target Support Files/Pods-Flix/Pods-Flix.release.xcconfig"; sourceTree = "<group>"; };
		41D67CC49CA9E56986D6969C /* Pods_FlixUITests.framework */ = {isa = PBXFileReference; explicitFileType = wrapper.framework; includeInIndex = 0; path = Pods_FlixUITests.framework; sourceTree = BUILT_PRODUCTS_DIR; };
		43FBD679DEA4132AF5A4112C /* Pods-FlixTests.debug.xcconfig */ = {isa = PBXFileReference; includeInIndex = 1; lastKnownFileType = text.xcconfig; name = "Pods-FlixTests.debug.xcconfig"; path = "Pods/Target Support Files/Pods-FlixTests/Pods-FlixTests.debug.xcconfig"; sourceTree = "<group>"; };
		63E6035896AC4C16DF486C99 /* Pods-Flix.debug.xcconfig */ = {isa = PBXFileReference; includeInIndex = 1; lastKnownFileType = text.xcconfig; name = "Pods-Flix.debug.xcconfig"; path = "Pods/Target Support Files/Pods-Flix/Pods-Flix.debug.xcconfig"; sourceTree = "<group>"; };
		A348FFF9433825460C5A76BD /* Pods-FlixUITests.debug.xcconfig */ = {isa = PBXFileReference; includeInIndex = 1; lastKnownFileType = text.xcconfig; name = "Pods-FlixUITests.debug.xcconfig"; path = "Pods/Target Support Files/Pods-FlixUITests/Pods-FlixUITests.debug.xcconfig"; sourceTree = "<group>"; };
		B00C588FABE44C726C44A884 /* Pods_Flix.framework */ = {isa = PBXFileReference; explicitFileType = wrapper.framework; includeInIndex = 0; path = Pods_Flix.framework; sourceTree = BUILT_PRODUCTS_DIR; };
		BB40F9022109417E00B5B340 /* Flix.app */ = {isa = PBXFileReference; explicitFileType = wrapper.application; includeInIndex = 0; path = Flix.app; sourceTree = BUILT_PRODUCTS_DIR; };
		BB40F9052109417E00B5B340 /* AppDelegate.swift */ = {isa = PBXFileReference; lastKnownFileType = sourcecode.swift; path = AppDelegate.swift; sourceTree = "<group>"; };
		BB40F90A2109417E00B5B340 /* Base */ = {isa = PBXFileReference; lastKnownFileType = file.storyboard; name = Base; path = Base.lproj/Main.storyboard; sourceTree = "<group>"; };
		BB40F90C2109417E00B5B340 /* Assets.xcassets */ = {isa = PBXFileReference; lastKnownFileType = folder.assetcatalog; path = Assets.xcassets; sourceTree = "<group>"; };
		BB40F90F2109417E00B5B340 /* Base */ = {isa = PBXFileReference; lastKnownFileType = file.storyboard; name = Base; path = Base.lproj/LaunchScreen.storyboard; sourceTree = "<group>"; };
		BB40F9112109417E00B5B340 /* Info.plist */ = {isa = PBXFileReference; lastKnownFileType = text.plist.xml; path = Info.plist; sourceTree = "<group>"; };
		BB40F9162109417E00B5B340 /* FlixTests.xctest */ = {isa = PBXFileReference; explicitFileType = wrapper.cfbundle; includeInIndex = 0; path = FlixTests.xctest; sourceTree = BUILT_PRODUCTS_DIR; };
		BB40F91A2109417E00B5B340 /* FlixTests.swift */ = {isa = PBXFileReference; lastKnownFileType = sourcecode.swift; path = FlixTests.swift; sourceTree = "<group>"; };
		BB40F91C2109417E00B5B340 /* Info.plist */ = {isa = PBXFileReference; lastKnownFileType = text.plist.xml; path = Info.plist; sourceTree = "<group>"; };
		BB40F9212109417E00B5B340 /* FlixUITests.xctest */ = {isa = PBXFileReference; explicitFileType = wrapper.cfbundle; includeInIndex = 0; path = FlixUITests.xctest; sourceTree = BUILT_PRODUCTS_DIR; };
		BB40F9252109417E00B5B340 /* FlixUITests.swift */ = {isa = PBXFileReference; lastKnownFileType = sourcecode.swift; path = FlixUITests.swift; sourceTree = "<group>"; };
		BB40F9272109417E00B5B340 /* Info.plist */ = {isa = PBXFileReference; lastKnownFileType = text.plist.xml; path = Info.plist; sourceTree = "<group>"; };
		BB40F933210944F800B5B340 /* NowPlayingViewController.swift */ = {isa = PBXFileReference; lastKnownFileType = sourcecode.swift; path = NowPlayingViewController.swift; sourceTree = "<group>"; };
		BB40F93721095A8600B5B340 /* MovieCell.swift */ = {isa = PBXFileReference; lastKnownFileType = sourcecode.swift; path = MovieCell.swift; sourceTree = "<group>"; };
		BB88B118210B98D70091403B /* DetailViewController.swift */ = {isa = PBXFileReference; lastKnownFileType = sourcecode.swift; path = DetailViewController.swift; sourceTree = "<group>"; };
		BBF3E0FD211F5F2E00C40EDE /* Movie.swift */ = {isa = PBXFileReference; lastKnownFileType = sourcecode.swift; path = Movie.swift; sourceTree = "<group>"; };
		BBF3E1012120D84D00C40EDE /* MovieClient.swift */ = {isa = PBXFileReference; lastKnownFileType = sourcecode.swift; path = MovieClient.swift; sourceTree = "<group>"; };
		BF5B38E0ABF2CDC4ADF4A7B1 /* Pods-FlixUITests.release.xcconfig */ = {isa = PBXFileReference; includeInIndex = 1; lastKnownFileType = text.xcconfig; name = "Pods-FlixUITests.release.xcconfig"; path = "Pods/Target Support Files/Pods-FlixUITests/Pods-FlixUITests.release.xcconfig"; sourceTree = "<group>"; };
/* End PBXFileReference section */

/* Begin PBXFrameworksBuildPhase section */
		BB40F8FF2109417E00B5B340 /* Frameworks */ = {
			isa = PBXFrameworksBuildPhase;
			buildActionMask = 2147483647;
			files = (
				7912912EFFB31CF1E151B601 /* Pods_Flix.framework in Frameworks */,
			);
			runOnlyForDeploymentPostprocessing = 0;
		};
		BB40F9132109417E00B5B340 /* Frameworks */ = {
			isa = PBXFrameworksBuildPhase;
			buildActionMask = 2147483647;
			files = (
				55436737226FDF876252D136 /* Pods_FlixTests.framework in Frameworks */,
			);
			runOnlyForDeploymentPostprocessing = 0;
		};
		BB40F91E2109417E00B5B340 /* Frameworks */ = {
			isa = PBXFrameworksBuildPhase;
			buildActionMask = 2147483647;
			files = (
				9344969D53455CAF63F2B397 /* Pods_FlixUITests.framework in Frameworks */,
			);
			runOnlyForDeploymentPostprocessing = 0;
		};
/* End PBXFrameworksBuildPhase section */

/* Begin PBXGroup section */
		2C6B26EC9903182E28482C57 /* Frameworks */ = {
			isa = PBXGroup;
			children = (
				B00C588FABE44C726C44A884 /* Pods_Flix.framework */,
				1CD82211D180470BC349925D /* Pods_FlixTests.framework */,
				41D67CC49CA9E56986D6969C /* Pods_FlixUITests.framework */,
			);
			name = Frameworks;
			sourceTree = "<group>";
		};
		2D95B28BB24A65B5D59C63CB /* Pods */ = {
			isa = PBXGroup;
			children = (
				63E6035896AC4C16DF486C99 /* Pods-Flix.debug.xcconfig */,
				26045E38135CD43FB64B0211 /* Pods-Flix.release.xcconfig */,
				43FBD679DEA4132AF5A4112C /* Pods-FlixTests.debug.xcconfig */,
				147343EBD36D8EC23BBE3117 /* Pods-FlixTests.release.xcconfig */,
				A348FFF9433825460C5A76BD /* Pods-FlixUITests.debug.xcconfig */,
				BF5B38E0ABF2CDC4ADF4A7B1 /* Pods-FlixUITests.release.xcconfig */,
			);
			name = Pods;
			sourceTree = "<group>";
		};
		BB40F8F92109417E00B5B340 = {
			isa = PBXGroup;
			children = (
				BB40F9042109417E00B5B340 /* Flix */,
				BB40F9192109417E00B5B340 /* FlixTests */,
				BB40F9242109417E00B5B340 /* FlixUITests */,
				BB40F9032109417E00B5B340 /* Products */,
				2D95B28BB24A65B5D59C63CB /* Pods */,
				2C6B26EC9903182E28482C57 /* Frameworks */,
			);
			sourceTree = "<group>";
		};
		BB40F9032109417E00B5B340 /* Products */ = {
			isa = PBXGroup;
			children = (
				BB40F9022109417E00B5B340 /* Flix.app */,
				BB40F9162109417E00B5B340 /* FlixTests.xctest */,
				BB40F9212109417E00B5B340 /* FlixUITests.xctest */,
			);
			name = Products;
			sourceTree = "<group>";
		};
		BB40F9042109417E00B5B340 /* Flix */ = {
			isa = PBXGroup;
			children = (
				BB40F9052109417E00B5B340 /* AppDelegate.swift */,
				BB40F9092109417E00B5B340 /* Main.storyboard */,
				BB40F90C2109417E00B5B340 /* Assets.xcassets */,
				BB40F90E2109417E00B5B340 /* LaunchScreen.storyboard */,
				BB40F9112109417E00B5B340 /* Info.plist */,
				BB40F933210944F800B5B340 /* NowPlayingViewController.swift */,
				BB88B118210B98D70091403B /* DetailViewController.swift */,
				BB40F93721095A8600B5B340 /* MovieCell.swift */,
				BBF3E0FD211F5F2E00C40EDE /* Movie.swift */,
				BBF3E1012120D84D00C40EDE /* MovieClient.swift */,
			);
			path = Flix;
			sourceTree = "<group>";
		};
		BB40F9192109417E00B5B340 /* FlixTests */ = {
			isa = PBXGroup;
			children = (
				BB40F91A2109417E00B5B340 /* FlixTests.swift */,
				BB40F91C2109417E00B5B340 /* Info.plist */,
			);
			path = FlixTests;
			sourceTree = "<group>";
		};
		BB40F9242109417E00B5B340 /* FlixUITests */ = {
			isa = PBXGroup;
			children = (
				BB40F9252109417E00B5B340 /* FlixUITests.swift */,
				BB40F9272109417E00B5B340 /* Info.plist */,
			);
			path = FlixUITests;
			sourceTree = "<group>";
		};
/* End PBXGroup section */

/* Begin PBXNativeTarget section */
		BB40F9012109417E00B5B340 /* Flix */ = {
			isa = PBXNativeTarget;
			buildConfigurationList = BB40F92A2109417F00B5B340 /* Build configuration list for PBXNativeTarget "Flix" */;
			buildPhases = (
				4EBD7C60C486B215D38C9E5E /* [CP] Check Pods Manifest.lock */,
				BB40F8FE2109417E00B5B340 /* Sources */,
				BB40F8FF2109417E00B5B340 /* Frameworks */,
				BB40F9002109417E00B5B340 /* Resources */,
				AFCBFE194573FED72EB52CB3 /* [CP] Embed Pods Frameworks */,
			);
			buildRules = (
			);
			dependencies = (
			);
			name = Flix;
			productName = Flix;
			productReference = BB40F9022109417E00B5B340 /* Flix.app */;
			productType = "com.apple.product-type.application";
		};
		BB40F9152109417E00B5B340 /* FlixTests */ = {
			isa = PBXNativeTarget;
			buildConfigurationList = BB40F92D2109417F00B5B340 /* Build configuration list for PBXNativeTarget "FlixTests" */;
			buildPhases = (
				BC4A3F188AFA57B2C53C3842 /* [CP] Check Pods Manifest.lock */,
				BB40F9122109417E00B5B340 /* Sources */,
				BB40F9132109417E00B5B340 /* Frameworks */,
				BB40F9142109417E00B5B340 /* Resources */,
			);
			buildRules = (
			);
			dependencies = (
				BB40F9182109417E00B5B340 /* PBXTargetDependency */,
			);
			name = FlixTests;
			productName = FlixTests;
			productReference = BB40F9162109417E00B5B340 /* FlixTests.xctest */;
			productType = "com.apple.product-type.bundle.unit-test";
		};
		BB40F9202109417E00B5B340 /* FlixUITests */ = {
			isa = PBXNativeTarget;
			buildConfigurationList = BB40F9302109417F00B5B340 /* Build configuration list for PBXNativeTarget "FlixUITests" */;
			buildPhases = (
				F91CA2F6F98249D705991276 /* [CP] Check Pods Manifest.lock */,
				BB40F91D2109417E00B5B340 /* Sources */,
				BB40F91E2109417E00B5B340 /* Frameworks */,
				BB40F91F2109417E00B5B340 /* Resources */,
			);
			buildRules = (
			);
			dependencies = (
				BB40F9232109417E00B5B340 /* PBXTargetDependency */,
			);
			name = FlixUITests;
			productName = FlixUITests;
			productReference = BB40F9212109417E00B5B340 /* FlixUITests.xctest */;
			productType = "com.apple.product-type.bundle.ui-testing";
		};
/* End PBXNativeTarget section */

/* Begin PBXProject section */
		BB40F8FA2109417E00B5B340 /* Project object */ = {
			isa = PBXProject;
			attributes = {
				LastSwiftUpdateCheck = 0940;
				LastUpgradeCheck = 0940;
				ORGANIZATIONNAME = "Rajeev Ram";
				TargetAttributes = {
					BB40F9012109417E00B5B340 = {
						CreatedOnToolsVersion = 9.4.1;
					};
					BB40F9152109417E00B5B340 = {
						CreatedOnToolsVersion = 9.4.1;
						TestTargetID = BB40F9012109417E00B5B340;
					};
					BB40F9202109417E00B5B340 = {
						CreatedOnToolsVersion = 9.4.1;
						TestTargetID = BB40F9012109417E00B5B340;
					};
				};
			};
			buildConfigurationList = BB40F8FD2109417E00B5B340 /* Build configuration list for PBXProject "Flix" */;
			compatibilityVersion = "Xcode 9.3";
			developmentRegion = en;
			hasScannedForEncodings = 0;
			knownRegions = (
				en,
				Base,
			);
			mainGroup = BB40F8F92109417E00B5B340;
			productRefGroup = BB40F9032109417E00B5B340 /* Products */;
			projectDirPath = "";
			projectRoot = "";
			targets = (
				BB40F9012109417E00B5B340 /* Flix */,
				BB40F9152109417E00B5B340 /* FlixTests */,
				BB40F9202109417E00B5B340 /* FlixUITests */,
			);
		};
/* End PBXProject section */

/* Begin PBXResourcesBuildPhase section */
		BB40F9002109417E00B5B340 /* Resources */ = {
			isa = PBXResourcesBuildPhase;
			buildActionMask = 2147483647;
			files = (
				BB40F9102109417E00B5B340 /* LaunchScreen.storyboard in Resources */,
				BB40F90D2109417E00B5B340 /* Assets.xcassets in Resources */,
				BB40F90B2109417E00B5B340 /* Main.storyboard in Resources */,
			);
			runOnlyForDeploymentPostprocessing = 0;
		};
		BB40F9142109417E00B5B340 /* Resources */ = {
			isa = PBXResourcesBuildPhase;
			buildActionMask = 2147483647;
			files = (
			);
			runOnlyForDeploymentPostprocessing = 0;
		};
		BB40F91F2109417E00B5B340 /* Resources */ = {
			isa = PBXResourcesBuildPhase;
			buildActionMask = 2147483647;
			files = (
			);
			runOnlyForDeploymentPostprocessing = 0;
		};
/* End PBXResourcesBuildPhase section */

/* Begin PBXShellScriptBuildPhase section */
		4EBD7C60C486B215D38C9E5E /* [CP] Check Pods Manifest.lock */ = {
			isa = PBXShellScriptBuildPhase;
			buildActionMask = 2147483647;
			files = (
			);
			inputPaths = (
				"${PODS_PODFILE_DIR_PATH}/Podfile.lock",
				"${PODS_ROOT}/Manifest.lock",
			);
			name = "[CP] Check Pods Manifest.lock";
			outputPaths = (
				"$(DERIVED_FILE_DIR)/Pods-Flix-checkManifestLockResult.txt",
			);
			runOnlyForDeploymentPostprocessing = 0;
			shellPath = /bin/sh;
			shellScript = "diff \"${PODS_PODFILE_DIR_PATH}/Podfile.lock\" \"${PODS_ROOT}/Manifest.lock\" > /dev/null\nif [ $? != 0 ] ; then\n    # print error to STDERR\n    echo \"error: The sandbox is not in sync with the Podfile.lock. Run 'pod install' or update your CocoaPods installation.\" >&2\n    exit 1\nfi\n# This output is used by Xcode 'outputs' to avoid re-running this script phase.\necho \"SUCCESS\" > \"${SCRIPT_OUTPUT_FILE_0}\"\n";
			showEnvVarsInLog = 0;
		};
		AFCBFE194573FED72EB52CB3 /* [CP] Embed Pods Frameworks */ = {
			isa = PBXShellScriptBuildPhase;
			buildActionMask = 2147483647;
			files = (
			);
			inputPaths = (
				"${SRCROOT}/Pods/Target Support Files/Pods-Flix/Pods-Flix-frameworks.sh",
				"${BUILT_PRODUCTS_DIR}/Alamofire/Alamofire.framework",
				"${BUILT_PRODUCTS_DIR}/AlamofireImage/AlamofireImage.framework",
			);
			name = "[CP] Embed Pods Frameworks";
			outputPaths = (
				"${TARGET_BUILD_DIR}/${FRAMEWORKS_FOLDER_PATH}/Alamofire.framework",
				"${TARGET_BUILD_DIR}/${FRAMEWORKS_FOLDER_PATH}/AlamofireImage.framework",
			);
			runOnlyForDeploymentPostprocessing = 0;
			shellPath = /bin/sh;
			shellScript = "\"${SRCROOT}/Pods/Target Support Files/Pods-Flix/Pods-Flix-frameworks.sh\"\n";
			showEnvVarsInLog = 0;
		};
		BC4A3F188AFA57B2C53C3842 /* [CP] Check Pods Manifest.lock */ = {
			isa = PBXShellScriptBuildPhase;
			buildActionMask = 2147483647;
			files = (
			);
			inputPaths = (
				"${PODS_PODFILE_DIR_PATH}/Podfile.lock",
				"${PODS_ROOT}/Manifest.lock",
			);
			name = "[CP] Check Pods Manifest.lock";
			outputPaths = (
				"$(DERIVED_FILE_DIR)/Pods-FlixTests-checkManifestLockResult.txt",
			);
			runOnlyForDeploymentPostprocessing = 0;
			shellPath = /bin/sh;
			shellScript = "diff \"${PODS_PODFILE_DIR_PATH}/Podfile.lock\" \"${PODS_ROOT}/Manifest.lock\" > /dev/null\nif [ $? != 0 ] ; then\n    # print error to STDERR\n    echo \"error: The sandbox is not in sync with the Podfile.lock. Run 'pod install' or update your CocoaPods installation.\" >&2\n    exit 1\nfi\n# This output is used by Xcode 'outputs' to avoid re-running this script phase.\necho \"SUCCESS\" > \"${SCRIPT_OUTPUT_FILE_0}\"\n";
			showEnvVarsInLog = 0;
		};
		F91CA2F6F98249D705991276 /* [CP] Check Pods Manifest.lock */ = {
			isa = PBXShellScriptBuildPhase;
			buildActionMask = 2147483647;
			files = (
			);
			inputPaths = (
				"${PODS_PODFILE_DIR_PATH}/Podfile.lock",
				"${PODS_ROOT}/Manifest.lock",
			);
			name = "[CP] Check Pods Manifest.lock";
			outputPaths = (
				"$(DERIVED_FILE_DIR)/Pods-FlixUITests-checkManifestLockResult.txt",
			);
			runOnlyForDeploymentPostprocessing = 0;
			shellPath = /bin/sh;
			shellScript = "diff \"${PODS_PODFILE_DIR_PATH}/Podfile.lock\" \"${PODS_ROOT}/Manifest.lock\" > /dev/null\nif [ $? != 0 ] ; then\n    # print error to STDERR\n    echo \"error: The sandbox is not in sync with the Podfile.lock. Run 'pod install' or update your CocoaPods installation.\" >&2\n    exit 1\nfi\n# This output is used by Xcode 'outputs' to avoid re-running this script phase.\necho \"SUCCESS\" > \"${SCRIPT_OUTPUT_FILE_0}\"\n";
			showEnvVarsInLog = 0;
		};
/* End PBXShellScriptBuildPhase section */

/* Begin PBXSourcesBuildPhase section */
		BB40F8FE2109417E00B5B340 /* Sources */ = {
			isa = PBXSourcesBuildPhase;
			buildActionMask = 2147483647;
			files = (
				BB40F934210944F800B5B340 /* NowPlayingViewController.swift in Sources */,
				BBF3E1022120D84D00C40EDE /* MovieClient.swift in Sources */,
				BB40F9062109417E00B5B340 /* AppDelegate.swift in Sources */,
				BB40F93821095A8600B5B340 /* MovieCell.swift in Sources */,
				BB88B119210B98D70091403B /* DetailViewController.swift in Sources */,
				BBF3E0FE211F5F2E00C40EDE /* Movie.swift in Sources */,
			);
			runOnlyForDeploymentPostprocessing = 0;
		};
		BB40F9122109417E00B5B340 /* Sources */ = {
			isa = PBXSourcesBuildPhase;
			buildActionMask = 2147483647;
			files = (
				BB40F91B2109417E00B5B340 /* FlixTests.swift in Sources */,
			);
			runOnlyForDeploymentPostprocessing = 0;
		};
		BB40F91D2109417E00B5B340 /* Sources */ = {
			isa = PBXSourcesBuildPhase;
			buildActionMask = 2147483647;
			files = (
				BB40F9262109417E00B5B340 /* FlixUITests.swift in Sources */,
			);
			runOnlyForDeploymentPostprocessing = 0;
		};
/* End PBXSourcesBuildPhase section */

/* Begin PBXTargetDependency section */
		BB40F9182109417E00B5B340 /* PBXTargetDependency */ = {
			isa = PBXTargetDependency;
			target = BB40F9012109417E00B5B340 /* Flix */;
			targetProxy = BB40F9172109417E00B5B340 /* PBXContainerItemProxy */;
		};
		BB40F9232109417E00B5B340 /* PBXTargetDependency */ = {
			isa = PBXTargetDependency;
			target = BB40F9012109417E00B5B340 /* Flix */;
			targetProxy = BB40F9222109417E00B5B340 /* PBXContainerItemProxy */;
		};
/* End PBXTargetDependency section */

/* Begin PBXVariantGroup section */
		BB40F9092109417E00B5B340 /* Main.storyboard */ = {
			isa = PBXVariantGroup;
			children = (
				BB40F90A2109417E00B5B340 /* Base */,
			);
			name = Main.storyboard;
			sourceTree = "<group>";
		};
		BB40F90E2109417E00B5B340 /* LaunchScreen.storyboard */ = {
			isa = PBXVariantGroup;
			children = (
				BB40F90F2109417E00B5B340 /* Base */,
			);
			name = LaunchScreen.storyboard;
			sourceTree = "<group>";
		};
/* End PBXVariantGroup section */

/* Begin XCBuildConfiguration section */
		BB40F9282109417F00B5B340 /* Debug */ = {
			isa = XCBuildConfiguration;
			buildSettings = {
				ALWAYS_SEARCH_USER_PATHS = NO;
				CLANG_ANALYZER_NONNULL = YES;
				CLANG_ANALYZER_NUMBER_OBJECT_CONVERSION = YES_AGGRESSIVE;
				CLANG_CXX_LANGUAGE_STANDARD = "gnu++14";
				CLANG_CXX_LIBRARY = "libc++";
				CLANG_ENABLE_MODULES = YES;
				CLANG_ENABLE_OBJC_ARC = YES;
				CLANG_ENABLE_OBJC_WEAK = YES;
				CLANG_WARN_BLOCK_CAPTURE_AUTORELEASING = YES;
				CLANG_WARN_BOOL_CONVERSION = YES;
				CLANG_WARN_COMMA = YES;
				CLANG_WARN_CONSTANT_CONVERSION = YES;
				CLANG_WARN_DEPRECATED_OBJC_IMPLEMENTATIONS = YES;
				CLANG_WARN_DIRECT_OBJC_ISA_USAGE = YES_ERROR;
				CLANG_WARN_DOCUMENTATION_COMMENTS = YES;
				CLANG_WARN_EMPTY_BODY = YES;
				CLANG_WARN_ENUM_CONVERSION = YES;
				CLANG_WARN_INFINITE_RECURSION = YES;
				CLANG_WARN_INT_CONVERSION = YES;
				CLANG_WARN_NON_LITERAL_NULL_CONVERSION = YES;
				CLANG_WARN_OBJC_IMPLICIT_RETAIN_SELF = YES;
				CLANG_WARN_OBJC_LITERAL_CONVERSION = YES;
				CLANG_WARN_OBJC_ROOT_CLASS = YES_ERROR;
				CLANG_WARN_RANGE_LOOP_ANALYSIS = YES;
				CLANG_WARN_STRICT_PROTOTYPES = YES;
				CLANG_WARN_SUSPICIOUS_MOVE = YES;
				CLANG_WARN_UNGUARDED_AVAILABILITY = YES_AGGRESSIVE;
				CLANG_WARN_UNREACHABLE_CODE = YES;
				CLANG_WARN__DUPLICATE_METHOD_MATCH = YES;
				CODE_SIGN_IDENTITY = "iPhone Developer";
				COPY_PHASE_STRIP = NO;
				DEBUG_INFORMATION_FORMAT = dwarf;
				ENABLE_STRICT_OBJC_MSGSEND = YES;
				ENABLE_TESTABILITY = YES;
				GCC_C_LANGUAGE_STANDARD = gnu11;
				GCC_DYNAMIC_NO_PIC = NO;
				GCC_NO_COMMON_BLOCKS = YES;
				GCC_OPTIMIZATION_LEVEL = 0;
				GCC_PREPROCESSOR_DEFINITIONS = (
					"DEBUG=1",
					"$(inherited)",
				);
				GCC_WARN_64_TO_32_BIT_CONVERSION = YES;
				GCC_WARN_ABOUT_RETURN_TYPE = YES_ERROR;
				GCC_WARN_UNDECLARED_SELECTOR = YES;
				GCC_WARN_UNINITIALIZED_AUTOS = YES_AGGRESSIVE;
				GCC_WARN_UNUSED_FUNCTION = YES;
				GCC_WARN_UNUSED_VARIABLE = YES;
				IPHONEOS_DEPLOYMENT_TARGET = 11.4;
				MTL_ENABLE_DEBUG_INFO = YES;
				ONLY_ACTIVE_ARCH = YES;
				SDKROOT = iphoneos;
				SWIFT_ACTIVE_COMPILATION_CONDITIONS = DEBUG;
				SWIFT_OPTIMIZATION_LEVEL = "-Onone";
			};
			name = Debug;
		};
		BB40F9292109417F00B5B340 /* Release */ = {
			isa = XCBuildConfiguration;
			buildSettings = {
				ALWAYS_SEARCH_USER_PATHS = NO;
				CLANG_ANALYZER_NONNULL = YES;
				CLANG_ANALYZER_NUMBER_OBJECT_CONVERSION = YES_AGGRESSIVE;
				CLANG_CXX_LANGUAGE_STANDARD = "gnu++14";
				CLANG_CXX_LIBRARY = "libc++";
				CLANG_ENABLE_MODULES = YES;
				CLANG_ENABLE_OBJC_ARC = YES;
				CLANG_ENABLE_OBJC_WEAK = YES;
				CLANG_WARN_BLOCK_CAPTURE_AUTORELEASING = YES;
				CLANG_WARN_BOOL_CONVERSION = YES;
				CLANG_WARN_COMMA = YES;
				CLANG_WARN_CONSTANT_CONVERSION = YES;
				CLANG_WARN_DEPRECATED_OBJC_IMPLEMENTATIONS = YES;
				CLANG_WARN_DIRECT_OBJC_ISA_USAGE = YES_ERROR;
				CLANG_WARN_DOCUMENTATION_COMMENTS = YES;
				CLANG_WARN_EMPTY_BODY = YES;
				CLANG_WARN_ENUM_CONVERSION = YES;
				CLANG_WARN_INFINITE_RECURSION = YES;
				CLANG_WARN_INT_CONVERSION = YES;
				CLANG_WARN_NON_LITERAL_NULL_CONVERSION = YES;
				CLANG_WARN_OBJC_IMPLICIT_RETAIN_SELF = YES;
				CLANG_WARN_OBJC_LITERAL_CONVERSION = YES;
				CLANG_WARN_OBJC_ROOT_CLASS = YES_ERROR;
				CLANG_WARN_RANGE_LOOP_ANALYSIS = YES;
				CLANG_WARN_STRICT_PROTOTYPES = YES;
				CLANG_WARN_SUSPICIOUS_MOVE = YES;
				CLANG_WARN_UNGUARDED_AVAILABILITY = YES_AGGRESSIVE;
				CLANG_WARN_UNREACHABLE_CODE = YES;
				CLANG_WARN__DUPLICATE_METHOD_MATCH = YES;
				CODE_SIGN_IDENTITY = "iPhone Developer";
				COPY_PHASE_STRIP = NO;
				DEBUG_INFORMATION_FORMAT = "dwarf-with-dsym";
				ENABLE_NS_ASSERTIONS = NO;
				ENABLE_STRICT_OBJC_MSGSEND = YES;
				GCC_C_LANGUAGE_STANDARD = gnu11;
				GCC_NO_COMMON_BLOCKS = YES;
				GCC_WARN_64_TO_32_BIT_CONVERSION = YES;
				GCC_WARN_ABOUT_RETURN_TYPE = YES_ERROR;
				GCC_WARN_UNDECLARED_SELECTOR = YES;
				GCC_WARN_UNINITIALIZED_AUTOS = YES_AGGRESSIVE;
				GCC_WARN_UNUSED_FUNCTION = YES;
				GCC_WARN_UNUSED_VARIABLE = YES;
				IPHONEOS_DEPLOYMENT_TARGET = 11.4;
				MTL_ENABLE_DEBUG_INFO = NO;
				SDKROOT = iphoneos;
				SWIFT_COMPILATION_MODE = wholemodule;
				SWIFT_OPTIMIZATION_LEVEL = "-O";
				VALIDATE_PRODUCT = YES;
			};
			name = Release;
		};
		BB40F92B2109417F00B5B340 /* Debug */ = {
			isa = XCBuildConfiguration;
			baseConfigurationReference = 63E6035896AC4C16DF486C99 /* Pods-Flix.debug.xcconfig */;
			buildSettings = {
				ASSETCATALOG_COMPILER_APPICON_NAME = AppIcon;
				CODE_SIGN_STYLE = Automatic;
				INFOPLIST_FILE = Flix/Info.plist;
				LD_RUNPATH_SEARCH_PATHS = (
					"$(inherited)",
					"@executable_path/Frameworks",
				);
				PRODUCT_BUNDLE_IDENTIFIER = com.rajeevram.Flix;
				PRODUCT_NAME = "$(TARGET_NAME)";
				SWIFT_VERSION = 4.0;
				TARGETED_DEVICE_FAMILY = "1,2";
			};
			name = Debug;
		};
		BB40F92C2109417F00B5B340 /* Release */ = {
			isa = XCBuildConfiguration;
			baseConfigurationReference = 26045E38135CD43FB64B0211 /* Pods-Flix.release.xcconfig */;
			buildSettings = {
				ASSETCATALOG_COMPILER_APPICON_NAME = AppIcon;
				CODE_SIGN_STYLE = Automatic;
				INFOPLIST_FILE = Flix/Info.plist;
				LD_RUNPATH_SEARCH_PATHS = (
					"$(inherited)",
					"@executable_path/Frameworks",
				);
				PRODUCT_BUNDLE_IDENTIFIER = com.rajeevram.Flix;
				PRODUCT_NAME = "$(TARGET_NAME)";
				SWIFT_VERSION = 4.0;
				TARGETED_DEVICE_FAMILY = "1,2";
			};
			name = Release;
		};
		BB40F92E2109417F00B5B340 /* Debug */ = {
			isa = XCBuildConfiguration;
			baseConfigurationReference = 43FBD679DEA4132AF5A4112C /* Pods-FlixTests.debug.xcconfig */;
			buildSettings = {
				ALWAYS_EMBED_SWIFT_STANDARD_LIBRARIES = YES;
				BUNDLE_LOADER = "$(TEST_HOST)";
				CODE_SIGN_STYLE = Automatic;
				INFOPLIST_FILE = FlixTests/Info.plist;
				LD_RUNPATH_SEARCH_PATHS = (
					"$(inherited)",
					"@executable_path/Frameworks",
					"@loader_path/Frameworks",
				);
				PRODUCT_BUNDLE_IDENTIFIER = com.rajeevram.FlixTests;
				PRODUCT_NAME = "$(TARGET_NAME)";
				SWIFT_VERSION = 4.0;
				TARGETED_DEVICE_FAMILY = "1,2";
				TEST_HOST = "$(BUILT_PRODUCTS_DIR)/Flix.app/Flix";
			};
			name = Debug;
		};
		BB40F92F2109417F00B5B340 /* Release */ = {
			isa = XCBuildConfiguration;
			baseConfigurationReference = 147343EBD36D8EC23BBE3117 /* Pods-FlixTests.release.xcconfig */;
			buildSettings = {
				ALWAYS_EMBED_SWIFT_STANDARD_LIBRARIES = YES;
				BUNDLE_LOADER = "$(TEST_HOST)";
				CODE_SIGN_STYLE = Automatic;
				INFOPLIST_FILE = FlixTests/Info.plist;
				LD_RUNPATH_SEARCH_PATHS = (
					"$(inherited)",
					"@executable_path/Frameworks",
					"@loader_path/Frameworks",
				);
				PRODUCT_BUNDLE_IDENTIFIER = com.rajeevram.FlixTests;
				PRODUCT_NAME = "$(TARGET_NAME)";
				SWIFT_VERSION = 4.0;
				TARGETED_DEVICE_FAMILY = "1,2";
				TEST_HOST = "$(BUILT_PRODUCTS_DIR)/Flix.app/Flix";
			};
			name = Release;
		};
		BB40F9312109417F00B5B340 /* Debug */ = {
			isa = XCBuildConfiguration;
			baseConfigurationReference = A348FFF9433825460C5A76BD /* Pods-FlixUITests.debug.xcconfig */;
			buildSettings = {
				ALWAYS_EMBED_SWIFT_STANDARD_LIBRARIES = YES;
				CODE_SIGN_STYLE = Automatic;
				INFOPLIST_FILE = FlixUITests/Info.plist;
				LD_RUNPATH_SEARCH_PATHS = (
					"$(inherited)",
					"@executable_path/Frameworks",
					"@loader_path/Frameworks",
				);
				PRODUCT_BUNDLE_IDENTIFIER = com.rajeevram.FlixUITests;
				PRODUCT_NAME = "$(TARGET_NAME)";
				SWIFT_VERSION = 4.0;
				TARGETED_DEVICE_FAMILY = "1,2";
				TEST_TARGET_NAME = Flix;
			};
			name = Debug;
		};
		BB40F9322109417F00B5B340 /* Release */ = {
			isa = XCBuildConfiguration;
			baseConfigurationReference = BF5B38E0ABF2CDC4ADF4A7B1 /* Pods-FlixUITests.release.xcconfig */;
			buildSettings = {
				ALWAYS_EMBED_SWIFT_STANDARD_LIBRARIES = YES;
				CODE_SIGN_STYLE = Automatic;
				INFOPLIST_FILE = FlixUITests/Info.plist;
				LD_RUNPATH_SEARCH_PATHS = (
					"$(inherited)",
					"@executable_path/Frameworks",
					"@loader_path/Frameworks",
				);
				PRODUCT_BUNDLE_IDENTIFIER = com.rajeevram.FlixUITests;
				PRODUCT_NAME = "$(TARGET_NAME)";
				SWIFT_VERSION = 4.0;
				TARGETED_DEVICE_FAMILY = "1,2";
				TEST_TARGET_NAME = Flix;
			};
			name = Release;
		};
/* End XCBuildConfiguration section */

/* Begin XCConfigurationList section */
		BB40F8FD2109417E00B5B340 /* Build configuration list for PBXProject "Flix" */ = {
			isa = XCConfigurationList;
			buildConfigurations = (
				BB40F9282109417F00B5B340 /* Debug */,
				BB40F9292109417F00B5B340 /* Release */,
			);
			defaultConfigurationIsVisible = 0;
			defaultConfigurationName = Release;
		};
		BB40F92A2109417F00B5B340 /* Build configuration list for PBXNativeTarget "Flix" */ = {
			isa = XCConfigurationList;
			buildConfigurations = (
				BB40F92B2109417F00B5B340 /* Debug */,
				BB40F92C2109417F00B5B340 /* Release */,
			);
			defaultConfigurationIsVisible = 0;
			defaultConfigurationName = Release;
		};
		BB40F92D2109417F00B5B340 /* Build configuration list for PBXNativeTarget "FlixTests" */ = {
			isa = XCConfigurationList;
			buildConfigurations = (
				BB40F92E2109417F00B5B340 /* Debug */,
				BB40F92F2109417F00B5B340 /* Release */,
			);
			defaultConfigurationIsVisible = 0;
			defaultConfigurationName = Release;
		};
		BB40F9302109417F00B5B340 /* Build configuration list for PBXNativeTarget "FlixUITests" */ = {
			isa = XCConfigurationList;
			buildConfigurations = (
				BB40F9312109417F00B5B340 /* Debug */,
				BB40F9322109417F00B5B340 /* Release */,
			);
			defaultConfigurationIsVisible = 0;
			defaultConfigurationName = Release;
		};
/* End XCConfigurationList section */
	};
	rootObject = BB40F8FA2109417E00B5B340 /* Project object */;
}
